
Microsoft Visual Studio Solution File, Format Version 12.00
# Visual Studio Version 17
VisualStudioVersion = 17.8.34511.84
MinimumVisualStudioVersion = 10.0.40219.1
Project("{FAE04EC0-301F-11D3-BF4B-00C04F79EFBC}") = "Laitekirjastoharjoitus", "Laitekirjastoharjoitus.csproj", "{30A664E8-3694-4910-8C9B-EA8644FFBCAC}"
EndProject
Global
	GlobalSection(SolutionConfigurationPlatforms) = preSolution
		Debug|Any CPU = Debug|Any CPU
		Release|Any CPU = Release|Any CPU
	EndGlobalSection
	GlobalSection(ProjectConfigurationPlatforms) = postSolution
		{30A664E8-3694-4910-8C9B-EA8644FFBCAC}.Debug|Any CPU.ActiveCfg = Debug|Any CPU
		{30A664E8-3694-4910-8C9B-EA8644FFBCAC}.Debug|Any CPU.Build.0 = Debug|Any CPU
		{30A664E8-3694-4910-8C9B-EA8644FFBCAC}.Release|Any CPU.ActiveCfg = Release|Any CPU
		{30A664E8-3694-4910-8C9B-EA8644FFBCAC}.Release|Any CPU.Build.0 = Release|Any CPU
	EndGlobalSection
	GlobalSection(SolutionProperties) = preSolution
		HideSolutionNode = FALSE
	EndGlobalSection
	GlobalSection(ExtensibilityGlobals) = postSolution
		SolutionGuid = {E598821B-13DC-44B1-BCA7-671BBA2B11FC}
	EndGlobalSection
EndGlobal
